<?xml version="1.0" encoding="utf-8"?>
<Project ToolsVersion="4.0" xmlns="http://schemas.microsoft.com/developer/msbuild/2003">
  <ItemGroup>
    <Filter Include="Syphon">
      <UniqueIdentifier>{86F947D2-729B-72A8-5B56-86FC4797F9F8}</UniqueIdentifier>
    </Filter>
    <Filter Include="Syphon\Events">
      <UniqueIdentifier>{AAF2601A-16B3-DC50-DFED-25CE4B6D212D}</UniqueIdentifier>
    </Filter>
    <Filter Include="Syphon\Platform">
      <UniqueIdentifier>{9A4C8652-06D8-F316-0FE9-760B7BF34F17}</UniqueIdentifier>
    </Filter>
    <Filter Include="Syphon\Platform\Windows">
      <UniqueIdentifier>{D4F0FB02-4028-449A-4932-A8BDB5E86A93}</UniqueIdentifier>
    </Filter>
  </ItemGroup>
  <ItemGroup>
    <ClInclude Include="src\Syphon.h" />
    <ClInclude Include="src\Syphon\Application.h">
      <Filter>Syphon</Filter>
    </ClInclude>
    <ClInclude Include="src\Syphon\Core.h">
      <Filter>Syphon</Filter>
    </ClInclude>
    <ClInclude Include="src\Syphon\EntryPoint.h">
      <Filter>Syphon</Filter>
    </ClInclude>
    <ClInclude Include="src\Syphon\Events\ApplicationEvent.h">
      <Filter>Syphon\Events</Filter>
    </ClInclude>
    <ClInclude Include="src\Syphon\Events\Event.h">
      <Filter>Syphon\Events</Filter>
    </ClInclude>
    <ClInclude Include="src\Syphon\Events\KeyEvent.h">
      <Filter>Syphon\Events</Filter>
    </ClInclude>
    <ClInclude Include="src\Syphon\Events\MouseEvent.h">
      <Filter>Syphon\Events</Filter>
    </ClInclude>
    <ClInclude Include="src\Syphon\Log.h">
      <Filter>Syphon</Filter>
    </ClInclude>
    <ClInclude Include="src\Syphon\Platform\Windows\WindowsWindow.h">
      <Filter>Syphon\Platform\Windows</Filter>
    </ClInclude>
    <ClInclude Include="src\Syphon\Window.h">
      <Filter>Syphon</Filter>
    </ClInclude>
    <ClInclude Include="src\sypch.h" />
  </ItemGroup>
  <ItemGroup>
    <ClCompile Include="src\Syphon\Application.cpp">
      <Filter>Syphon</Filter>
    </ClCompile>
    <ClCompile Include="src\Syphon\Log.cpp">
      <Filter>Syphon</Filter>
    </ClCompile>
    <ClCompile Include="src\Syphon\Platform\Windows\WindowsWindow.cpp">
      <Filter>Syphon\Platform\Windows</Filter>
    </ClCompile>
    <ClCompile Include="src\sypch.cpp" />
  </ItemGroup>
</Project>